
Microsoft Visual Studio Solution File, Format Version 12.00
# Visual Studio Version 16
VisualStudioVersion = 16.0.30611.23
MinimumVisualStudioVersion = 10.0.40219.1
Project("{FAE04EC0-301F-11D3-BF4B-00C04F79EFBC}") = "ProductsApp", "ProductsApp\ProductsApp.csproj", "{10A329E1-F113-4DAE-A727-50E2839ACB58}"
EndProject
Project("{FAE04EC0-301F-11D3-BF4B-00C04F79EFBC}") = "ProductsApp.Tests", "ProductsApp.Tests\ProductsApp.Tests.csproj", "{DDC4CC51-7608-4813-B558-2F168F22BF5B}"
EndProject
Global
	GlobalSection(SolutionConfigurationPlatforms) = preSolution
		Debug|Any CPU = Debug|Any CPU
		Release|Any CPU = Release|Any CPU
	EndGlobalSection
	GlobalSection(ProjectConfigurationPlatforms) = postSolution
		{10A329E1-F113-4DAE-A727-50E2839ACB58}.Debug|Any CPU.ActiveCfg = Debug|Any CPU
		{10A329E1-F113-4DAE-A727-50E2839ACB58}.Debug|Any CPU.Build.0 = Debug|Any CPU
		{10A329E1-F113-4DAE-A727-50E2839ACB58}.Release|Any CPU.ActiveCfg = Release|Any CPU
		{10A329E1-F113-4DAE-A727-50E2839ACB58}.Release|Any CPU.Build.0 = Release|Any CPU
		{DDC4CC51-7608-4813-B558-2F168F22BF5B}.Debug|Any CPU.ActiveCfg = Debug|Any CPU
		{DDC4CC51-7608-4813-B558-2F168F22BF5B}.Debug|Any CPU.Build.0 = Debug|Any CPU
		{DDC4CC51-7608-4813-B558-2F168F22BF5B}.Release|Any CPU.ActiveCfg = Release|Any CPU
		{DDC4CC51-7608-4813-B558-2F168F22BF5B}.Release|Any CPU.Build.0 = Release|Any CPU
	EndGlobalSection
	GlobalSection(SolutionProperties) = preSolution
		HideSolutionNode = FALSE
	EndGlobalSection
	GlobalSection(ExtensibilityGlobals) = postSolution
		SolutionGuid = {C79735E1-2B90-4B47-9D75-DCC0B265B46A}
	EndGlobalSection
EndGlobal
